DEPENDENCIES
  phantomjs
  postgresql
    git: https://github.com/phlipper/chef-postgresql.git
    revision: 8438360775ce239627878dddded9cfde72e2d3ff

GRAPH
  apt (2.5.3)
  build-essential (2.0.6)
  chef_handler (1.1.6)
  chocolatey (0.1.0)
    powershell (>= 0.0.0)
  ms_dotnet2 (1.0.0)
    windows (>= 0.0.0)
  ms_dotnet4 (1.0.2)
    windows (>= 0.0.0)
  ms_dotnet45 (1.1.2)
    windows (>= 0.0.0)
  phantomjs (1.0.3)
    build-essential (>= 0.0.0)
    chocolatey (>= 0.0.0)
  postgresql (0.14.1)
    apt (>= 1.9.0)
  powershell (3.0.7)
    ms_dotnet2 (>= 0.0.0)
    ms_dotnet4 (>= 0.0.0)
    ms_dotnet45 (>= 0.0.0)
    windows (>= 1.2.8)
  windows (1.34.2)
    chef_handler (>= 0.0.0)
